
Microsoft Visual Studio Solution File, Format Version 12.00
# Visual Studio Version 16
VisualStudioVersion = 16.0.29728.190
MinimumVisualStudioVersion = 10.0.40219.1
Project("{9A19103F-16F7-4668-BE54-9A1E7A4F7556}") = "HbfKickertoolIntegration", "HbfKickertoolIntegration\HbfKickertoolIntegration.csproj", "{5523CE1A-0F3A-43DD-94DC-2DA39D903D5E}"
EndProject
Project("{9A19103F-16F7-4668-BE54-9A1E7A4F7556}") = "HbfKickertoolIntegration.Standalone.Datalayer", "HbfKickertoolIntegration.Standalone.Datalayer\HbfKickertoolIntegration.Standalone.Datalayer.csproj", "{F3302AAE-3A65-41D0-8A67-46C2C1CF4BA3}"
EndProject
Project("{FAE04EC0-301F-11D3-BF4B-00C04F79EFBC}") = "HbfKickertoolIntegration.Api", "HbfKickertoolIntegration.Api\HbfKickertoolIntegration.Api.csproj", "{F529F13E-C23D-4EF5-9C81-D22EA99B2E61}"
EndProject
Project("{FAE04EC0-301F-11D3-BF4B-00C04F79EFBC}") = "HbfKickertoolIntegration.Core", "HbfKickertoolIntegration.Core\HbfKickertoolIntegration.Core.csproj", "{9BFDEB21-0C64-450E-99E5-658929ED7EDC}"
EndProject
Global
	GlobalSection(SolutionConfigurationPlatforms) = preSolution
		Debug|Any CPU = Debug|Any CPU
		Release|Any CPU = Release|Any CPU
	EndGlobalSection
	GlobalSection(ProjectConfigurationPlatforms) = postSolution
		{5523CE1A-0F3A-43DD-94DC-2DA39D903D5E}.Debug|Any CPU.ActiveCfg = Debug|Any CPU
		{5523CE1A-0F3A-43DD-94DC-2DA39D903D5E}.Debug|Any CPU.Build.0 = Debug|Any CPU
		{5523CE1A-0F3A-43DD-94DC-2DA39D903D5E}.Release|Any CPU.ActiveCfg = Release|Any CPU
		{5523CE1A-0F3A-43DD-94DC-2DA39D903D5E}.Release|Any CPU.Build.0 = Release|Any CPU
		{F3302AAE-3A65-41D0-8A67-46C2C1CF4BA3}.Debug|Any CPU.ActiveCfg = Debug|Any CPU
		{F3302AAE-3A65-41D0-8A67-46C2C1CF4BA3}.Debug|Any CPU.Build.0 = Debug|Any CPU
		{F3302AAE-3A65-41D0-8A67-46C2C1CF4BA3}.Release|Any CPU.ActiveCfg = Release|Any CPU
		{F3302AAE-3A65-41D0-8A67-46C2C1CF4BA3}.Release|Any CPU.Build.0 = Release|Any CPU
		{F529F13E-C23D-4EF5-9C81-D22EA99B2E61}.Debug|Any CPU.ActiveCfg = Debug|Any CPU
		{F529F13E-C23D-4EF5-9C81-D22EA99B2E61}.Debug|Any CPU.Build.0 = Debug|Any CPU
		{F529F13E-C23D-4EF5-9C81-D22EA99B2E61}.Release|Any CPU.ActiveCfg = Release|Any CPU
		{F529F13E-C23D-4EF5-9C81-D22EA99B2E61}.Release|Any CPU.Build.0 = Release|Any CPU
		{9BFDEB21-0C64-450E-99E5-658929ED7EDC}.Debug|Any CPU.ActiveCfg = Debug|Any CPU
		{9BFDEB21-0C64-450E-99E5-658929ED7EDC}.Debug|Any CPU.Build.0 = Debug|Any CPU
		{9BFDEB21-0C64-450E-99E5-658929ED7EDC}.Release|Any CPU.ActiveCfg = Release|Any CPU
		{9BFDEB21-0C64-450E-99E5-658929ED7EDC}.Release|Any CPU.Build.0 = Release|Any CPU
	EndGlobalSection
	GlobalSection(SolutionProperties) = preSolution
		HideSolutionNode = FALSE
	EndGlobalSection
	GlobalSection(ExtensibilityGlobals) = postSolution
		SolutionGuid = {662DCA86-C0E9-4611-9901-BCAF7DD7A702}
	EndGlobalSection
EndGlobal
